
Microsoft Visual Studio Solution File, Format Version 12.00
# Visual Studio 15
VisualStudioVersion = 15.0.28010.2046
MinimumVisualStudioVersion = 10.0.40219.1
Project("{FAE04EC0-301F-11D3-BF4B-00C04F79EFBC}") = "Web", "Web\Web.csproj", "{CDFD407E-81A5-434C-829E-8EF42E8F3DBE}"
EndProject
Global
	GlobalSection(SolutionConfigurationPlatforms) = preSolution
		Debug|Any CPU = Debug|Any CPU
		Release|Any CPU = Release|Any CPU
	EndGlobalSection
	GlobalSection(ProjectConfigurationPlatforms) = postSolution
		{CDFD407E-81A5-434C-829E-8EF42E8F3DBE}.Debug|Any CPU.ActiveCfg = Debug|Any CPU
		{CDFD407E-81A5-434C-829E-8EF42E8F3DBE}.Debug|Any CPU.Build.0 = Debug|Any CPU
		{CDFD407E-81A5-434C-829E-8EF42E8F3DBE}.Release|Any CPU.ActiveCfg = Release|Any CPU
		{CDFD407E-81A5-434C-829E-8EF42E8F3DBE}.Release|Any CPU.Build.0 = Release|Any CPU
	EndGlobalSection
	GlobalSection(SolutionProperties) = preSolution
		HideSolutionNode = FALSE
	EndGlobalSection
	GlobalSection(ExtensibilityGlobals) = postSolution
		SolutionGuid = {55E8449F-CCE0-45E0-A50E-E8B1C5766F4A}
	EndGlobalSection
EndGlobal
